// !$*UTF8*$!
{
	archiveVersion = 1;
	classes = {
	};
	objectVersion = 71;
	objects = {

/* Begin PBXBuildFile section */
		A31B16B689E7147A7A516055 /* UnderBlueShare.appex in Embed Foundation Extensions */ = {isa = PBXBuildFile; fileRef = 60C8EEF058AB26576B3289F7 /* UnderBlueShare.appex */; settings = {ATTRIBUTES = (RemoveHeadersOnCopy, ); }; };
/* End PBXBuildFile section */

/* Begin PBXContainerItemProxy section */
		00FA7595418DE673442D4E14 /* PBXContainerItemProxy */ = {
			isa = PBXContainerItemProxy;
			containerPortal = 98F54143AB4E86B28C3AFEE0 /* Project object */;
			proxyType = 1;
			remoteGlobalIDString = 4F6027D858B72CC70E5CC8E9;
			remoteInfo = UnderBlue;
		};
		928B116133AAED9036C514C7 /* PBXContainerItemProxy */ = {
			isa = PBXContainerItemProxy;
			containerPortal = 98F54143AB4E86B28C3AFEE0 /* Project object */;
			proxyType = 1;
			remoteGlobalIDString = 4BE864FAE2B9E4DE7821A052;
			remoteInfo = UnderBlueShare;
		};
		CEDAC8F28FDB4B718B5D1BEB /* PBXContainerItemProxy */ = {
			isa = PBXContainerItemProxy;
			containerPortal = 98F54143AB4E86B28C3AFEE0 /* Project object */;
			proxyType = 1;
			remoteGlobalIDString = 4F6027D858B72CC70E5CC8E9;
			remoteInfo = UnderBlue;
		};
/* End PBXContainerItemProxy section */

/* Begin PBXCopyFilesBuildPhase section */
		BD735BE812B6D674BADC855E /* Embed Foundation Extensions */ = {
			isa = PBXCopyFilesBuildPhase;
			buildActionMask = 2147483647;
			dstPath = "";
			dstSubfolderSpec = 13;
			files = (
				A31B16B689E7147A7A516055 /* UnderBlueShare.appex in Embed Foundation Extensions */,
			);
			name = "Embed Foundation Extensions";
			runOnlyForDeploymentPostprocessing = 0;
		};
/* End PBXCopyFilesBuildPhase section */

/* Begin PBXFileReference section */
		60C8EEF058AB26576B3289F7 /* UnderBlueShare.appex */ = {isa = PBXFileReference; explicitFileType = "wrapper.app-extension"; includeInIndex = 0; path = UnderBlueShare.appex; sourceTree = BUILT_PRODUCTS_DIR; };
		AD5D520508EF8024D25C00BA /* UnderBlueTests.xctest */ = {isa = PBXFileReference; explicitFileType = wrapper.cfbundle; path = UnderBlueTests.xctest; sourceTree = BUILT_PRODUCTS_DIR; };
		B22D326D03B77788C7376316 /* UnderBlueUITests.xctest */ = {isa = PBXFileReference; explicitFileType = wrapper.cfbundle; path = UnderBlueUITests.xctest; sourceTree = BUILT_PRODUCTS_DIR; };
		E6FC57C251E9E1BEC1D3C0D2 /* UnderBlue.app */ = {isa = PBXFileReference; explicitFileType = wrapper.application; path = UnderBlue.app; sourceTree = BUILT_PRODUCTS_DIR; };
/* End PBXFileReference section */

/* Begin PBXFileSystemSynchronizedBuildFileExceptionSet section */
		7364889A612B6B38A2343DB0 /* PBXFileSystemSynchronizedBuildFileExceptionSet */ = {
			isa = PBXFileSystemSynchronizedBuildFileExceptionSet;
			membershipExceptions = (
				Import/SharedInbox.swift,
			);
			target = 4BE864FAE2B9E4DE7821A052 /* UnderBlueShare */;
		};
		A5D875C65189FDCE63406F9E /* PBXFileSystemSynchronizedBuildFileExceptionSet */ = {
			isa = PBXFileSystemSynchronizedBuildFileExceptionSet;
			membershipExceptions = (
				Resources/Info.plist,
			);
			target = 4F6027D858B72CC70E5CC8E9 /* UnderBlue */;
		};
		C87D41F98C1BF0983C3F3C8A /* PBXFileSystemSynchronizedBuildFileExceptionSet */ = {
			isa = PBXFileSystemSynchronizedBuildFileExceptionSet;
			membershipExceptions = (
				Info.plist,
			);
			target = 4BE864FAE2B9E4DE7821A052 /* UnderBlueShare */;
		};
/* End PBXFileSystemSynchronizedBuildFileExceptionSet section */

/* Begin PBXFileSystemSynchronizedRootGroup section */
		3A2A88DEEFF3D1D23E496597 /* UnderBlue */ = {isa = PBXFileSystemSynchronizedRootGroup; exceptions = (A5D875C65189FDCE63406F9E /* PBXFileSystemSynchronizedBuildFileExceptionSet */, 7364889A612B6B38A2343DB0 /* PBXFileSystemSynchronizedBuildFileExceptionSet */, ); explicitFileTypes = {}; explicitFolders = (); path = UnderBlue; sourceTree = "<group>"; };
		54768AA1BA5D709B3AD4DD6D /* UnderBlueShare */ = {isa = PBXFileSystemSynchronizedRootGroup; exceptions = (C87D41F98C1BF0983C3F3C8A /* PBXFileSystemSynchronizedBuildFileExceptionSet */, ); explicitFileTypes = {}; explicitFolders = (); path = UnderBlueShare; sourceTree = "<group>"; };
		5FA060BA93CA7D761DC0AA1D /* UnderBlueUITests */ = {isa = PBXFileSystemSynchronizedRootGroup; explicitFileTypes = {}; explicitFolders = (); path = UnderBlueUITests; sourceTree = "<group>"; };
		F80B2C2021F097DC9FAA009C /* UnderBlueTests */ = {isa = PBXFileSystemSynchronizedRootGroup; explicitFileTypes = {}; explicitFolders = (); path = UnderBlueTests; sourceTree = "<group>"; };
/* End PBXFileSystemSynchronizedRootGroup section */

/* Begin PBXFrameworksBuildPhase section */
		32BD75FE04B3CDF992A510FD /* Frameworks */ = {
			isa = PBXFrameworksBuildPhase;
			buildActionMask = 2147483647;
			files = (
			);
			runOnlyForDeploymentPostprocessing = 0;
		};
		568DA1E24DAA16B51B299506 /* Frameworks */ = {
			isa = PBXFrameworksBuildPhase;
			buildActionMask = 2147483647;
			files = (
			);
			runOnlyForDeploymentPostprocessing = 0;
		};
		78AE8C6BEB2A40A6D824CCEE /* Frameworks */ = {
			isa = PBXFrameworksBuildPhase;
			buildActionMask = 2147483647;
			files = (
			);
			runOnlyForDeploymentPostprocessing = 0;
		};
		78B2D48B424437FD6CB82EF5 /* Frameworks */ = {
			isa = PBXFrameworksBuildPhase;
			buildActionMask = 2147483647;
			files = (
			);
			runOnlyForDeploymentPostprocessing = 0;
		};
/* End PBXFrameworksBuildPhase section */

/* Begin PBXGroup section */
		B28B7AF69320201D1CF206EB = {
			isa = PBXGroup;
			children = (
				3A2A88DEEFF3D1D23E496597 /* UnderBlue */,
				F80B2C2021F097DC9FAA009C /* UnderBlueTests */,
				5FA060BA93CA7D761DC0AA1D /* UnderBlueUITests */,
				54768AA1BA5D709B3AD4DD6D /* UnderBlueShare */,
				FBDC4F23F93125BBEEAE800C /* Products */,
			);
			sourceTree = "<group>";
		};
		FBDC4F23F93125BBEEAE800C /* Products */ = {
			isa = PBXGroup;
			children = (
				E6FC57C251E9E1BEC1D3C0D2 /* UnderBlue.app */,
				AD5D520508EF8024D25C00BA /* UnderBlueTests.xctest */,
				B22D326D03B77788C7376316 /* UnderBlueUITests.xctest */,
				60C8EEF058AB26576B3289F7 /* UnderBlueShare.appex */,
			);
			name = Products;
			sourceTree = "<group>";
		};
/* End PBXGroup section */

/* Begin PBXNativeTarget section */
		002378A4B0AB8ED6C3038A81 /* UnderBlueTests */ = {
			isa = PBXNativeTarget;
			buildConfigurationList = EC78861A60CD111A3D8A2421 /* Build configuration list for PBXNativeTarget "UnderBlueTests" */;
			buildPhases = (
				87578F7D47DE44A504256C73 /* Sources */,
				32BD75FE04B3CDF992A510FD /* Frameworks */,
				1544DFBBD36E4A0D68754A27 /* Resources */,
			);
			buildRules = (
			);
			dependencies = (
				BBAAC9B14F10DD891F7A8816 /* PBXTargetDependency */,
			);
			fileSystemSynchronizedGroups = (
				F80B2C2021F097DC9FAA009C /* UnderBlueTests */,
			);
			name = UnderBlueTests;
			productName = UnderBlueTests;
			productReference = AD5D520508EF8024D25C00BA /* UnderBlueTests.xctest */;
			productType = "com.apple.product-type.bundle.unit-test";
		};
		4BE864FAE2B9E4DE7821A052 /* UnderBlueShare */ = {
			isa = PBXNativeTarget;
			buildConfigurationList = BFF22C3EF9FBA0C7C5AEF748 /* Build configuration list for PBXNativeTarget "UnderBlueShare" */;
			buildPhases = (
				E8565067C7E9FFB9C0A35143 /* Sources */,
				78B2D48B424437FD6CB82EF5 /* Frameworks */,
				7C93D5413C07B225E29BF1A2 /* Resources */,
			);
			buildRules = (
			);
			dependencies = (
			);
			fileSystemSynchronizedGroups = (
				54768AA1BA5D709B3AD4DD6D /* UnderBlueShare */,
			);
			name = UnderBlueShare;
			productName = UnderBlueShare;
			productReference = 60C8EEF058AB26576B3289F7 /* UnderBlueShare.appex */;
			productType = "com.apple.product-type.app-extension";
		};
		4D630F78F997333C57512D1C /* UnderBlueUITests */ = {
			isa = PBXNativeTarget;
			buildConfigurationList = 661F4FB61ADF9739C517CA60 /* Build configuration list for PBXNativeTarget "UnderBlueUITests" */;
			buildPhases = (
				0C9EC29799D8656EFFBB3686 /* Sources */,
				568DA1E24DAA16B51B299506 /* Frameworks */,
				6142FDE1B74BF44BB99CE1B1 /* Resources */,
			);
			buildRules = (
			);
			dependencies = (
				A875EB7D356C9AA9654C80EB /* PBXTargetDependency */,
			);
			fileSystemSynchronizedGroups = (
				5FA060BA93CA7D761DC0AA1D /* UnderBlueUITests */,
			);
			name = UnderBlueUITests;
			productName = UnderBlueUITests;
			productReference = B22D326D03B77788C7376316 /* UnderBlueUITests.xctest */;
			productType = "com.apple.product-type.bundle.ui-testing";
		};
		4F6027D858B72CC70E5CC8E9 /* UnderBlue */ = {
			isa = PBXNativeTarget;
			buildConfigurationList = 60EA43DB068BD71C9709BED5 /* Build configuration list for PBXNativeTarget "UnderBlue" */;
			buildPhases = (
				971ED9D05B25DB6C4D7680D4 /* Sources */,
				78AE8C6BEB2A40A6D824CCEE /* Frameworks */,
				364863F9F2E558B0F50473FC /* Resources */,
				BD735BE812B6D674BADC855E /* Embed Foundation Extensions */,
			);
			buildRules = (
			);
			dependencies = (
				48535669712E096CB36328AD /* PBXTargetDependency */,
			);
			fileSystemSynchronizedGroups = (
				3A2A88DEEFF3D1D23E496597 /* UnderBlue */,
			);
			name = UnderBlue;
			productName = UnderBlue;
			productReference = E6FC57C251E9E1BEC1D3C0D2 /* UnderBlue.app */;
			productType = "com.apple.product-type.application";
		};
/* End PBXNativeTarget section */

/* Begin PBXProject section */
		98F54143AB4E86B28C3AFEE0 /* Project object */ = {
			isa = PBXProject;
			attributes = {
				BuildIndependentTargetsInParallel = YES;
				LastUpgradeCheck = 2700;
			};
			buildConfigurationList = BC7E287B75C6D3E574547D08 /* Build configuration list for PBXProject "UnderBlue" */;
			compatibilityVersion = "Xcode 16.0";
			developmentRegion = en;
			hasScannedForEncodings = 0;
			knownRegions = (
				en,
				Base,
				ko,
				ja,
				"zh-Hans",
				"zh-Hant",
			);
			mainGroup = B28B7AF69320201D1CF206EB;
			productRefGroup = FBDC4F23F93125BBEEAE800C /* Products */;
			projectDirPath = "";
			projectRoot = "";
			targets = (
				4F6027D858B72CC70E5CC8E9 /* UnderBlue */,
				002378A4B0AB8ED6C3038A81 /* UnderBlueTests */,
				4D630F78F997333C57512D1C /* UnderBlueUITests */,
				4BE864FAE2B9E4DE7821A052 /* UnderBlueShare */,
			);
		};
/* End PBXProject section */

/* Begin PBXResourcesBuildPhase section */
		1544DFBBD36E4A0D68754A27 /* Resources */ = {
			isa = PBXResourcesBuildPhase;
			buildActionMask = 2147483647;
			files = (
			);
			runOnlyForDeploymentPostprocessing = 0;
		};
		364863F9F2E558B0F50473FC /* Resources */ = {
			isa = PBXResourcesBuildPhase;
			buildActionMask = 2147483647;
			files = (
			);
			runOnlyForDeploymentPostprocessing = 0;
		};
		6142FDE1B74BF44BB99CE1B1 /* Resources */ = {
			isa = PBXResourcesBuildPhase;
			buildActionMask = 2147483647;
			files = (
			);
			runOnlyForDeploymentPostprocessing = 0;
		};
		7C93D5413C07B225E29BF1A2 /* Resources */ = {
			isa = PBXResourcesBuildPhase;
			buildActionMask = 2147483647;
			files = (
			);
			runOnlyForDeploymentPostprocessing = 0;
		};
/* End PBXResourcesBuildPhase section */

/* Begin PBXSourcesBuildPhase section */
		0C9EC29799D8656EFFBB3686 /* Sources */ = {
			isa = PBXSourcesBuildPhase;
			buildActionMask = 2147483647;
			files = (
			);
			runOnlyForDeploymentPostprocessing = 0;
		};
		87578F7D47DE44A504256C73 /* Sources */ = {
			isa = PBXSourcesBuildPhase;
			buildActionMask = 2147483647;
			files = (
			);
			runOnlyForDeploymentPostprocessing = 0;
		};
		971ED9D05B25DB6C4D7680D4 /* Sources */ = {
			isa = PBXSourcesBuildPhase;
			buildActionMask = 2147483647;
			files = (
			);
			runOnlyForDeploymentPostprocessing = 0;
		};
		E8565067C7E9FFB9C0A35143 /* Sources */ = {
			isa = PBXSourcesBuildPhase;
			buildActionMask = 2147483647;
			files = (
			);
			runOnlyForDeploymentPostprocessing = 0;
		};
/* End PBXSourcesBuildPhase section */

/* Begin PBXTargetDependency section */
		48535669712E096CB36328AD /* PBXTargetDependency */ = {
			isa = PBXTargetDependency;
			target = 4BE864FAE2B9E4DE7821A052 /* UnderBlueShare */;
			targetProxy = 928B116133AAED9036C514C7 /* PBXContainerItemProxy */;
		};
		A875EB7D356C9AA9654C80EB /* PBXTargetDependency */ = {
			isa = PBXTargetDependency;
			target = 4F6027D858B72CC70E5CC8E9 /* UnderBlue */;
			targetProxy = CEDAC8F28FDB4B718B5D1BEB /* PBXContainerItemProxy */;
		};
		BBAAC9B14F10DD891F7A8816 /* PBXTargetDependency */ = {
			isa = PBXTargetDependency;
			target = 4F6027D858B72CC70E5CC8E9 /* UnderBlue */;
			targetProxy = 00FA7595418DE673442D4E14 /* PBXContainerItemProxy */;
		};
/* End PBXTargetDependency section */

/* Begin XCBuildConfiguration section */
		07F40AAD161B1D59E1448C9A /* Release */ = {
			isa = XCBuildConfiguration;
			buildSettings = {
				CLANG_ENABLE_MODULES = YES;
				CODE_SIGN_ENTITLEMENTS = UnderBlueShare/UnderBlueShare.entitlements;
				CODE_SIGN_STYLE = Automatic;
				CURRENT_PROJECT_VERSION = 1;
				DEVELOPMENT_TEAM = M3HJ7YK7N7;
				GENERATE_INFOPLIST_FILE = YES;
				INFOPLIST_FILE = UnderBlueShare/Info.plist;
				INFOPLIST_KEY_CFBundleDisplayName = UnderBlue;
				IPHONEOS_DEPLOYMENT_TARGET = 26.0;
				LD_RUNPATH_SEARCH_PATHS = (
					"$(inherited)",
					"@executable_path/Frameworks",
					"@executable_path/../../Frameworks",
				);
				MARKETING_VERSION = 1.0;
				PRODUCT_BUNDLE_IDENTIFIER = com.underblue.app.share;
				PRODUCT_NAME = "$(TARGET_NAME)";
				SDKROOT = iphoneos;
				SKIP_INSTALL = YES;
				SUPPORTED_PLATFORMS = "iphoneos iphonesimulator";
				SUPPORTS_MACCATALYST = NO;
				SUPPORTS_MAC_DESIGNED_FOR_IPHONE_IPAD = NO;
				SUPPORTS_XR_DESIGNED_FOR_IPHONE_IPAD = NO;
				SWIFT_APPROACHABLE_CONCURRENCY = YES;
				SWIFT_VERSION = 6.0;
				TARGETED_DEVICE_FAMILY = 1;
			};
			name = Release;
		};
		0F3D67935A4F199E058A017A /* Debug */ = {
			isa = XCBuildConfiguration;
			buildSettings = {
				BUNDLE_LOADER = "$(TEST_HOST)";
				CLANG_ENABLE_MODULES = YES;
				CODE_SIGN_STYLE = Automatic;
				DEVELOPMENT_TEAM = M3HJ7YK7N7;
				GENERATE_INFOPLIST_FILE = YES;
				IPHONEOS_DEPLOYMENT_TARGET = 26.0;
				PRODUCT_BUNDLE_IDENTIFIER = com.underblue.tests;
				PRODUCT_NAME = "$(TARGET_NAME)";
				SDKROOT = iphoneos;
				SUPPORTED_PLATFORMS = "iphoneos iphonesimulator";
				SUPPORTS_MACCATALYST = NO;
				SUPPORTS_MAC_DESIGNED_FOR_IPHONE_IPAD = NO;
				SUPPORTS_XR_DESIGNED_FOR_IPHONE_IPAD = NO;
				SWIFT_APPROACHABLE_CONCURRENCY = YES;
				SWIFT_VERSION = 6.0;
				TARGETED_DEVICE_FAMILY = 1;
				TEST_HOST = "$(BUILT_PRODUCTS_DIR)/UnderBlue.app/$(BUNDLE_EXECUTABLE_FOLDER_PATH)/UnderBlue";
			};
			name = Debug;
		};
		20B70E15FDC36C625E57F658 /* Release */ = {
			isa = XCBuildConfiguration;
			buildSettings = {
				BUNDLE_LOADER = "$(TEST_HOST)";
				CLANG_ENABLE_MODULES = YES;
				CODE_SIGN_STYLE = Automatic;
				DEVELOPMENT_TEAM = M3HJ7YK7N7;
				GENERATE_INFOPLIST_FILE = YES;
				IPHONEOS_DEPLOYMENT_TARGET = 26.0;
				PRODUCT_BUNDLE_IDENTIFIER = com.underblue.tests;
				PRODUCT_NAME = "$(TARGET_NAME)";
				SDKROOT = iphoneos;
				SUPPORTED_PLATFORMS = "iphoneos iphonesimulator";
				SUPPORTS_MACCATALYST = NO;
				SUPPORTS_MAC_DESIGNED_FOR_IPHONE_IPAD = NO;
				SUPPORTS_XR_DESIGNED_FOR_IPHONE_IPAD = NO;
				SWIFT_APPROACHABLE_CONCURRENCY = YES;
				SWIFT_VERSION = 6.0;
				TARGETED_DEVICE_FAMILY = 1;
				TEST_HOST = "$(BUILT_PRODUCTS_DIR)/UnderBlue.app/$(BUNDLE_EXECUTABLE_FOLDER_PATH)/UnderBlue";
			};
			name = Release;
		};
		5A8C91857F674E16E2724F47 /* Release */ = {
			isa = XCBuildConfiguration;
			buildSettings = {
				ASSETCATALOG_COMPILER_APPICON_NAME = AppIcon;
				CLANG_ENABLE_MODULES = YES;
				CODE_SIGN_ENTITLEMENTS = UnderBlue/Resources/UnderBlue.entitlements;
				CODE_SIGN_STYLE = Automatic;
				CURRENT_PROJECT_VERSION = 1;
				DEVELOPMENT_TEAM = M3HJ7YK7N7;
				GENERATE_INFOPLIST_FILE = YES;
				INFOPLIST_FILE = UnderBlue/Resources/Info.plist;
				INFOPLIST_KEY_CFBundleDisplayName = UnderBlue;
				INFOPLIST_KEY_ITSAppUsesNonExemptEncryption = NO;
				INFOPLIST_KEY_LSApplicationCategoryType = "public.app-category.photography";
				INFOPLIST_KEY_NSPhotoLibraryAddUsageDescription = "Save your finished photos and videos to your library.";
				INFOPLIST_KEY_UIApplicationSceneManifest_Generation = YES;
				INFOPLIST_KEY_UILaunchScreen_Generation = YES;
				INFOPLIST_KEY_UISupportedInterfaceOrientations_iPhone = "UIInterfaceOrientationPortrait UIInterfaceOrientationLandscapeLeft UIInterfaceOrientationLandscapeRight";
				IPHONEOS_DEPLOYMENT_TARGET = 26.0;
				MARKETING_VERSION = 1.0;
				PRODUCT_BUNDLE_IDENTIFIER = com.underblue.app;
				PRODUCT_NAME = "$(TARGET_NAME)";
				SDKROOT = iphoneos;
				SUPPORTED_PLATFORMS = "iphoneos iphonesimulator";
				SUPPORTS_MACCATALYST = NO;
				SUPPORTS_MAC_DESIGNED_FOR_IPHONE_IPAD = NO;
				SUPPORTS_XR_DESIGNED_FOR_IPHONE_IPAD = NO;
				SWIFT_APPROACHABLE_CONCURRENCY = YES;
				SWIFT_VERSION = 6.0;
				TARGETED_DEVICE_FAMILY = 1;
			};
			name = Release;
		};
		786CFAEB3CB570C35644C8C6 /* Debug */ = {
			isa = XCBuildConfiguration;
			buildSettings = {
				CLANG_ENABLE_MODULES = YES;
				CODE_SIGN_ENTITLEMENTS = UnderBlueShare/UnderBlueShare.entitlements;
				CODE_SIGN_STYLE = Automatic;
				CURRENT_PROJECT_VERSION = 1;
				DEVELOPMENT_TEAM = M3HJ7YK7N7;
				GENERATE_INFOPLIST_FILE = YES;
				INFOPLIST_FILE = UnderBlueShare/Info.plist;
				INFOPLIST_KEY_CFBundleDisplayName = UnderBlue;
				IPHONEOS_DEPLOYMENT_TARGET = 26.0;
				LD_RUNPATH_SEARCH_PATHS = (
					"$(inherited)",
					"@executable_path/Frameworks",
					"@executable_path/../../Frameworks",
				);
				MARKETING_VERSION = 1.0;
				PRODUCT_BUNDLE_IDENTIFIER = com.underblue.app.share;
				PRODUCT_NAME = "$(TARGET_NAME)";
				SDKROOT = iphoneos;
				SKIP_INSTALL = YES;
				SUPPORTED_PLATFORMS = "iphoneos iphonesimulator";
				SUPPORTS_MACCATALYST = NO;
				SUPPORTS_MAC_DESIGNED_FOR_IPHONE_IPAD = NO;
				SUPPORTS_XR_DESIGNED_FOR_IPHONE_IPAD = NO;
				SWIFT_APPROACHABLE_CONCURRENCY = YES;
				SWIFT_VERSION = 6.0;
				TARGETED_DEVICE_FAMILY = 1;
			};
			name = Debug;
		};
		89E1FD6268CC0F221A2BE178 /* Debug */ = {
			isa = XCBuildConfiguration;
			buildSettings = {
				CLANG_ENABLE_MODULES = YES;
				DEBUG_INFORMATION_FORMAT = dwarf;
				ENABLE_TESTABILITY = YES;
				IPHONEOS_DEPLOYMENT_TARGET = 26.0;
				SDKROOT = iphoneos;
				SUPPORTED_PLATFORMS = "iphoneos iphonesimulator";
				SUPPORTS_MACCATALYST = NO;
				SUPPORTS_MAC_DESIGNED_FOR_IPHONE_IPAD = NO;
				SUPPORTS_XR_DESIGNED_FOR_IPHONE_IPAD = NO;
				SWIFT_ACTIVE_COMPILATION_CONDITIONS = DEBUG;
				SWIFT_APPROACHABLE_CONCURRENCY = YES;
				SWIFT_OPTIMIZATION_LEVEL = "-Onone";
				SWIFT_VERSION = 6.0;
				TARGETED_DEVICE_FAMILY = 1;
			};
			name = Debug;
		};
		E6DE6C99132752C914FEF632 /* Release */ = {
			isa = XCBuildConfiguration;
			buildSettings = {
				CLANG_ENABLE_MODULES = YES;
				COPY_PHASE_STRIP = YES;
				DEAD_CODE_STRIPPING = YES;
				DEBUG_INFORMATION_FORMAT = "dwarf-with-dsym";
				ENABLE_NS_ASSERTIONS = NO;
				ENABLE_TESTABILITY = NO;
				IPHONEOS_DEPLOYMENT_TARGET = 26.0;
				SDKROOT = iphoneos;
				SUPPORTED_PLATFORMS = "iphoneos iphonesimulator";
				SUPPORTS_MACCATALYST = NO;
				SUPPORTS_MAC_DESIGNED_FOR_IPHONE_IPAD = NO;
				SUPPORTS_XR_DESIGNED_FOR_IPHONE_IPAD = NO;
				SWIFT_ACTIVE_COMPILATION_CONDITIONS = "";
				SWIFT_APPROACHABLE_CONCURRENCY = YES;
				SWIFT_COMPILATION_MODE = wholemodule;
				SWIFT_OPTIMIZATION_LEVEL = "-O";
				SWIFT_VERSION = 6.0;
				TARGETED_DEVICE_FAMILY = 1;
				VALIDATE_PRODUCT = YES;
			};
			name = Release;
		};
		E9B2E96ABC5F6856F2BE79CF /* Debug */ = {
			isa = XCBuildConfiguration;
			buildSettings = {
				ASSETCATALOG_COMPILER_APPICON_NAME = AppIcon;
				CLANG_ENABLE_MODULES = YES;
				CODE_SIGN_ENTITLEMENTS = UnderBlue/Resources/UnderBlue.entitlements;
				CODE_SIGN_STYLE = Automatic;
				CURRENT_PROJECT_VERSION = 1;
				DEVELOPMENT_TEAM = M3HJ7YK7N7;
				GENERATE_INFOPLIST_FILE = YES;
				INFOPLIST_FILE = UnderBlue/Resources/Info.plist;
				INFOPLIST_KEY_CFBundleDisplayName = UnderBlue;
				INFOPLIST_KEY_ITSAppUsesNonExemptEncryption = NO;
				INFOPLIST_KEY_LSApplicationCategoryType = "public.app-category.photography";
				INFOPLIST_KEY_NSPhotoLibraryAddUsageDescription = "Save your finished photos and videos to your library.";
				INFOPLIST_KEY_UIApplicationSceneManifest_Generation = YES;
				INFOPLIST_KEY_UILaunchScreen_Generation = YES;
				INFOPLIST_KEY_UISupportedInterfaceOrientations_iPhone = "UIInterfaceOrientationPortrait UIInterfaceOrientationLandscapeLeft UIInterfaceOrientationLandscapeRight";
				IPHONEOS_DEPLOYMENT_TARGET = 26.0;
				MARKETING_VERSION = 1.0;
				PRODUCT_BUNDLE_IDENTIFIER = com.underblue.app;
				PRODUCT_NAME = "$(TARGET_NAME)";
				SDKROOT = iphoneos;
				SUPPORTED_PLATFORMS = "iphoneos iphonesimulator";
				SUPPORTS_MACCATALYST = NO;
				SUPPORTS_MAC_DESIGNED_FOR_IPHONE_IPAD = NO;
				SUPPORTS_XR_DESIGNED_FOR_IPHONE_IPAD = NO;
				SWIFT_APPROACHABLE_CONCURRENCY = YES;
				SWIFT_VERSION = 6.0;
				TARGETED_DEVICE_FAMILY = 1;
			};
			name = Debug;
		};
		FB520F6E62C2A172230C620F /* Debug */ = {
			isa = XCBuildConfiguration;
			buildSettings = {
				CLANG_ENABLE_MODULES = YES;
				CODE_SIGN_STYLE = Automatic;
				DEVELOPMENT_TEAM = M3HJ7YK7N7;
				GENERATE_INFOPLIST_FILE = YES;
				IPHONEOS_DEPLOYMENT_TARGET = 26.0;
				PRODUCT_BUNDLE_IDENTIFIER = com.underblue.uitests;
				PRODUCT_NAME = "$(TARGET_NAME)";
				SDKROOT = iphoneos;
				SUPPORTED_PLATFORMS = "iphoneos iphonesimulator";
				SUPPORTS_MACCATALYST = NO;
				SUPPORTS_MAC_DESIGNED_FOR_IPHONE_IPAD = NO;
				SUPPORTS_XR_DESIGNED_FOR_IPHONE_IPAD = NO;
				SWIFT_APPROACHABLE_CONCURRENCY = YES;
				SWIFT_VERSION = 6.0;
				TARGETED_DEVICE_FAMILY = 1;
				TEST_TARGET_NAME = UnderBlue;
			};
			name = Debug;
		};
		FECE8ECE4507AB75FB580D0F /* Release */ = {
			isa = XCBuildConfiguration;
			buildSettings = {
				CLANG_ENABLE_MODULES = YES;
				CODE_SIGN_STYLE = Automatic;
				DEVELOPMENT_TEAM = M3HJ7YK7N7;
				GENERATE_INFOPLIST_FILE = YES;
				IPHONEOS_DEPLOYMENT_TARGET = 26.0;
				PRODUCT_BUNDLE_IDENTIFIER = com.underblue.uitests;
				PRODUCT_NAME = "$(TARGET_NAME)";
				SDKROOT = iphoneos;
				SUPPORTED_PLATFORMS = "iphoneos iphonesimulator";
				SUPPORTS_MACCATALYST = NO;
				SUPPORTS_MAC_DESIGNED_FOR_IPHONE_IPAD = NO;
				SUPPORTS_XR_DESIGNED_FOR_IPHONE_IPAD = NO;
				SWIFT_APPROACHABLE_CONCURRENCY = YES;
				SWIFT_VERSION = 6.0;
				TARGETED_DEVICE_FAMILY = 1;
				TEST_TARGET_NAME = UnderBlue;
			};
			name = Release;
		};
/* End XCBuildConfiguration section */

/* Begin XCConfigurationList section */
		60EA43DB068BD71C9709BED5 /* Build configuration list for PBXNativeTarget "UnderBlue" */ = {
			isa = XCConfigurationList;
			buildConfigurations = (
				E9B2E96ABC5F6856F2BE79CF /* Debug */,
				5A8C91857F674E16E2724F47 /* Release */,
			);
			defaultConfigurationIsVisible = 0;
			defaultConfigurationName = Release;
		};
		661F4FB61ADF9739C517CA60 /* Build configuration list for PBXNativeTarget "UnderBlueUITests" */ = {
			isa = XCConfigurationList;
			buildConfigurations = (
				FB520F6E62C2A172230C620F /* Debug */,
				FECE8ECE4507AB75FB580D0F /* Release */,
			);
			defaultConfigurationIsVisible = 0;
			defaultConfigurationName = Release;
		};
		BC7E287B75C6D3E574547D08 /* Build configuration list for PBXProject "UnderBlue" */ = {
			isa = XCConfigurationList;
			buildConfigurations = (
				89E1FD6268CC0F221A2BE178 /* Debug */,
				E6DE6C99132752C914FEF632 /* Release */,
			);
			defaultConfigurationIsVisible = 0;
			defaultConfigurationName = Release;
		};
		BFF22C3EF9FBA0C7C5AEF748 /* Build configuration list for PBXNativeTarget "UnderBlueShare" */ = {
			isa = XCConfigurationList;
			buildConfigurations = (
				786CFAEB3CB570C35644C8C6 /* Debug */,
				07F40AAD161B1D59E1448C9A /* Release */,
			);
			defaultConfigurationIsVisible = 0;
			defaultConfigurationName = Release;
		};
		EC78861A60CD111A3D8A2421 /* Build configuration list for PBXNativeTarget "UnderBlueTests" */ = {
			isa = XCConfigurationList;
			buildConfigurations = (
				0F3D67935A4F199E058A017A /* Debug */,
				20B70E15FDC36C625E57F658 /* Release */,
			);
			defaultConfigurationIsVisible = 0;
			defaultConfigurationName = Release;
		};
/* End XCConfigurationList section */
	};
	rootObject = 98F54143AB4E86B28C3AFEE0 /* Project object */;
}
